
Microsoft Visual Studio Solution File, Format Version 12.00
# Visual Studio Version 16
VisualStudioVersion = 16.0.31515.178
MinimumVisualStudioVersion = 10.0.40219.1
Project("{FAE04EC0-301F-11D3-BF4B-00C04F79EFBC}") = "City", "City\City.csproj", "{5843AC74-56FE-47C8-B46F-696B4D19D506}"
EndProject
Project("{FAE04EC0-301F-11D3-BF4B-00C04F79EFBC}") = "ModuleA", "ModuleA\ModuleA.csproj", "{210A37E2-E53D-4C19-A7F7-732549823CF8}"
EndProject
Project("{FAE04EC0-301F-11D3-BF4B-00C04F79EFBC}") = "ControlLibrary", "ControlLibrary\ControlLibrary.csproj", "{EC110835-6D1B-4226-B0D5-31E97B6530A0}"
EndProject
Project("{9092AA53-FB77-4645-B42D-1CCCA6BD08BD}") = "Server", "Server\Server.njsproj", "{EB32D7D1-2DA1-4A0C-8599-EB0787347A3D}"
EndProject
Global
	GlobalSection(SolutionConfigurationPlatforms) = preSolution
		Debug|Any CPU = Debug|Any CPU
		Release|Any CPU = Release|Any CPU
	EndGlobalSection
	GlobalSection(ProjectConfigurationPlatforms) = postSolution
		{5843AC74-56FE-47C8-B46F-696B4D19D506}.Debug|Any CPU.ActiveCfg = Debug|Any CPU
		{5843AC74-56FE-47C8-B46F-696B4D19D506}.Debug|Any CPU.Build.0 = Debug|Any CPU
		{5843AC74-56FE-47C8-B46F-696B4D19D506}.Release|Any CPU.ActiveCfg = Release|Any CPU
		{5843AC74-56FE-47C8-B46F-696B4D19D506}.Release|Any CPU.Build.0 = Release|Any CPU
		{210A37E2-E53D-4C19-A7F7-732549823CF8}.Debug|Any CPU.ActiveCfg = Debug|Any CPU
		{210A37E2-E53D-4C19-A7F7-732549823CF8}.Debug|Any CPU.Build.0 = Debug|Any CPU
		{210A37E2-E53D-4C19-A7F7-732549823CF8}.Release|Any CPU.ActiveCfg = Release|Any CPU
		{210A37E2-E53D-4C19-A7F7-732549823CF8}.Release|Any CPU.Build.0 = Release|Any CPU
		{EC110835-6D1B-4226-B0D5-31E97B6530A0}.Debug|Any CPU.ActiveCfg = Debug|Any CPU
		{EC110835-6D1B-4226-B0D5-31E97B6530A0}.Debug|Any CPU.Build.0 = Debug|Any CPU
		{EC110835-6D1B-4226-B0D5-31E97B6530A0}.Release|Any CPU.ActiveCfg = Release|Any CPU
		{EC110835-6D1B-4226-B0D5-31E97B6530A0}.Release|Any CPU.Build.0 = Release|Any CPU
		{EB32D7D1-2DA1-4A0C-8599-EB0787347A3D}.Debug|Any CPU.ActiveCfg = Debug|Any CPU
		{EB32D7D1-2DA1-4A0C-8599-EB0787347A3D}.Debug|Any CPU.Build.0 = Debug|Any CPU
		{EB32D7D1-2DA1-4A0C-8599-EB0787347A3D}.Release|Any CPU.ActiveCfg = Release|Any CPU
		{EB32D7D1-2DA1-4A0C-8599-EB0787347A3D}.Release|Any CPU.Build.0 = Release|Any CPU
	EndGlobalSection
	GlobalSection(SolutionProperties) = preSolution
		HideSolutionNode = FALSE
	EndGlobalSection
	GlobalSection(ExtensibilityGlobals) = postSolution
		SolutionGuid = {D3916651-8DBD-493B-9BD4-45EA53D363CF}
	EndGlobalSection
EndGlobal
